// !$*UTF8*$!
{
	archiveVersion = 1;
	classes = {
	};
	objectVersion = 56;
	objects = {

/* Begin PBXBuildFile section */
		A1B2C3D4E5F6000000000198 /* Assets.xcassets in Resources */ = {isa = PBXBuildFile; fileRef = A1B2C3D4E5F6000000000110 /* Assets.xcassets */; };
		A1B2C3D4E5F6000000000199 /* PrivacyInfo.xcprivacy in Resources */ = {isa = PBXBuildFile; fileRef = A1B2C3D4E5F6000000000117 /* PrivacyInfo.xcprivacy */; };
		A1B2C3D4E5F6000000000201 /* AirPodsHRBridgeApp.swift in Sources */ = {isa = PBXBuildFile; fileRef = A1B2C3D4E5F6000000000101 /* AirPodsHRBridgeApp.swift */; };
		A1B2C3D4E5F6000000000202 /* ContentView.swift in Sources */ = {isa = PBXBuildFile; fileRef = A1B2C3D4E5F6000000000102 /* ContentView.swift */; };
		A1B2C3D4E5F6000000000203 /* BridgeViewModel.swift in Sources */ = {isa = PBXBuildFile; fileRef = A1B2C3D4E5F6000000000103 /* BridgeViewModel.swift */; };
		A1B2C3D4E5F6000000000204 /* WorkoutHeartRateManager.swift in Sources */ = {isa = PBXBuildFile; fileRef = A1B2C3D4E5F6000000000104 /* WorkoutHeartRateManager.swift */; };
		A1B2C3D4E5F6000000000205 /* BLEHeartRatePeripheral.swift in Sources */ = {isa = PBXBuildFile; fileRef = A1B2C3D4E5F6000000000105 /* BLEHeartRatePeripheral.swift */; };
		A1B2C3D4E5F6000000000206 /* HRGlanceActivityAttributes.swift in Sources */ = {isa = PBXBuildFile; fileRef = A1B2C3D4E5F6000000000106 /* HRGlanceActivityAttributes.swift */; };
		A1B2C3D4E5F6000000000207 /* HRGlanceLiveActivityController.swift in Sources */ = {isa = PBXBuildFile; fileRef = A1B2C3D4E5F6000000000107 /* HRGlanceLiveActivityController.swift */; };
		A1B2C3D4E5F6000000000208 /* HRGlanceDeepLink.swift in Sources */ = {isa = PBXBuildFile; fileRef = A1B2C3D4E5F6000000000108 /* HRGlanceDeepLink.swift */; };
		A1B2C3D4E5F6000000000209 /* HRGlanceIntents.swift in Sources */ = {isa = PBXBuildFile; fileRef = A1B2C3D4E5F6000000000109 /* HRGlanceIntents.swift */; };
		A1B2C3D4E5F6000000000210 /* HRGlanceWidgetKind.swift in Sources */ = {isa = PBXBuildFile; fileRef = A1B2C3D4E5F6000000000113 /* HRGlanceWidgetKind.swift */; };
		A1B2C3D4E5F6000000000211 /* HRGlanceHeartRateAssessment.swift in Sources */ = {isa = PBXBuildFile; fileRef = A1B2C3D4E5F6000000000114 /* HRGlanceHeartRateAssessment.swift */; };
		A1B2C3D4E5F6000000000212 /* HRGlanceSharedState.swift in Sources */ = {isa = PBXBuildFile; fileRef = A1B2C3D4E5F6000000000115 /* HRGlanceSharedState.swift */; };
		A1B2C3D4E5F6000000000213 /* HeartRateReminderManager.swift in Sources */ = {isa = PBXBuildFile; fileRef = A1B2C3D4E5F6000000000116 /* HeartRateReminderManager.swift */; };
		B2C3D4E5F600000000000201 /* HRGlanceLiveActivityBundle.swift in Sources */ = {isa = PBXBuildFile; fileRef = B2C3D4E5F600000000000101 /* HRGlanceLiveActivityBundle.swift */; };
		B2C3D4E5F600000000000202 /* HRGlanceLiveActivity.swift in Sources */ = {isa = PBXBuildFile; fileRef = B2C3D4E5F600000000000102 /* HRGlanceLiveActivity.swift */; };
		B2C3D4E5F600000000000203 /* HRGlanceActivityAttributes.swift in Sources */ = {isa = PBXBuildFile; fileRef = A1B2C3D4E5F6000000000106 /* HRGlanceActivityAttributes.swift */; };
		B2C3D4E5F600000000000204 /* HRGlanceLiveActivityExtension.appex in Embed Foundation Extensions */ = {isa = PBXBuildFile; fileRef = B2C3D4E5F600000000000030 /* HRGlanceLiveActivityExtension.appex */; settings = {ATTRIBUTES = (RemoveHeadersOnCopy, ); }; };
		B2C3D4E5F600000000000205 /* HRGlanceLauncherWidget.swift in Sources */ = {isa = PBXBuildFile; fileRef = B2C3D4E5F600000000000103 /* HRGlanceLauncherWidget.swift */; };
		B2C3D4E5F600000000000206 /* HRGlanceDeepLink.swift in Sources */ = {isa = PBXBuildFile; fileRef = A1B2C3D4E5F6000000000108 /* HRGlanceDeepLink.swift */; };
		B2C3D4E5F600000000000207 /* HRGlanceIntents.swift in Sources */ = {isa = PBXBuildFile; fileRef = A1B2C3D4E5F6000000000109 /* HRGlanceIntents.swift */; };
		B2C3D4E5F600000000000208 /* HRGlanceWidgetKind.swift in Sources */ = {isa = PBXBuildFile; fileRef = A1B2C3D4E5F6000000000113 /* HRGlanceWidgetKind.swift */; };
		B2C3D4E5F600000000000209 /* HRGlanceHeartRateAssessment.swift in Sources */ = {isa = PBXBuildFile; fileRef = A1B2C3D4E5F6000000000114 /* HRGlanceHeartRateAssessment.swift */; };
		B2C3D4E5F600000000000210 /* HRGlanceSharedState.swift in Sources */ = {isa = PBXBuildFile; fileRef = A1B2C3D4E5F6000000000115 /* HRGlanceSharedState.swift */; };
		B2C3D4E5F600000000000211 /* PrivacyInfo.xcprivacy in Resources */ = {isa = PBXBuildFile; fileRef = B2C3D4E5F600000000000113 /* PrivacyInfo.xcprivacy */; };
/* End PBXBuildFile section */

/* Begin PBXContainerItemProxy section */
		B2C3D4E5F600000000000031 /* PBXContainerItemProxy */ = {
			isa = PBXContainerItemProxy;
			containerPortal = A1B2C3D4E5F6000000000001 /* Project object */;
			proxyType = 1;
			remoteGlobalIDString = B2C3D4E5F600000000000010;
			remoteInfo = HRGlanceLiveActivityExtension;
		};
/* End PBXContainerItemProxy section */

/* Begin PBXCopyFilesBuildPhase section */
		B2C3D4E5F600000000000023 /* Embed Foundation Extensions */ = {
			isa = PBXCopyFilesBuildPhase;
			buildActionMask = 2147483647;
			dstPath = "";
			dstSubfolderSpec = 13;
			files = (
				B2C3D4E5F600000000000204 /* HRGlanceLiveActivityExtension.appex in Embed Foundation Extensions */,
			);
			name = "Embed Foundation Extensions";
			runOnlyForDeploymentPostprocessing = 0;
		};
/* End PBXCopyFilesBuildPhase section */

/* Begin PBXFileReference section */
		A1B2C3D4E5F6000000000030 /* AirPodsHRBridge.app */ = {isa = PBXFileReference; explicitFileType = wrapper.application; includeInIndex = 0; path = AirPodsHRBridge.app; sourceTree = BUILT_PRODUCTS_DIR; };
		A1B2C3D4E5F6000000000101 /* AirPodsHRBridgeApp.swift */ = {isa = PBXFileReference; lastKnownFileType = sourcecode.swift; path = AirPodsHRBridgeApp.swift; sourceTree = "<group>"; };
		A1B2C3D4E5F6000000000102 /* ContentView.swift */ = {isa = PBXFileReference; lastKnownFileType = sourcecode.swift; path = ContentView.swift; sourceTree = "<group>"; };
		A1B2C3D4E5F6000000000103 /* BridgeViewModel.swift */ = {isa = PBXFileReference; lastKnownFileType = sourcecode.swift; path = BridgeViewModel.swift; sourceTree = "<group>"; };
		A1B2C3D4E5F6000000000104 /* WorkoutHeartRateManager.swift */ = {isa = PBXFileReference; lastKnownFileType = sourcecode.swift; path = WorkoutHeartRateManager.swift; sourceTree = "<group>"; };
		A1B2C3D4E5F6000000000105 /* BLEHeartRatePeripheral.swift */ = {isa = PBXFileReference; lastKnownFileType = sourcecode.swift; path = BLEHeartRatePeripheral.swift; sourceTree = "<group>"; };
		A1B2C3D4E5F6000000000106 /* HRGlanceActivityAttributes.swift */ = {isa = PBXFileReference; lastKnownFileType = sourcecode.swift; path = HRGlanceActivityAttributes.swift; sourceTree = "<group>"; };
		A1B2C3D4E5F6000000000107 /* HRGlanceLiveActivityController.swift */ = {isa = PBXFileReference; lastKnownFileType = sourcecode.swift; path = HRGlanceLiveActivityController.swift; sourceTree = "<group>"; };
		A1B2C3D4E5F6000000000108 /* HRGlanceDeepLink.swift */ = {isa = PBXFileReference; lastKnownFileType = sourcecode.swift; path = HRGlanceDeepLink.swift; sourceTree = "<group>"; };
		A1B2C3D4E5F6000000000109 /* HRGlanceIntents.swift */ = {isa = PBXFileReference; lastKnownFileType = sourcecode.swift; path = HRGlanceIntents.swift; sourceTree = "<group>"; };
		A1B2C3D4E5F6000000000110 /* Assets.xcassets */ = {isa = PBXFileReference; lastKnownFileType = folder.assetcatalog; path = Assets.xcassets; sourceTree = "<group>"; };
		A1B2C3D4E5F6000000000111 /* Info.plist */ = {isa = PBXFileReference; lastKnownFileType = text.plist.xml; path = Info.plist; sourceTree = "<group>"; };
		A1B2C3D4E5F6000000000112 /* AirPodsHRBridge.entitlements */ = {isa = PBXFileReference; lastKnownFileType = text.plist.entitlements; path = AirPodsHRBridge.entitlements; sourceTree = "<group>"; };
		A1B2C3D4E5F6000000000113 /* HRGlanceWidgetKind.swift */ = {isa = PBXFileReference; lastKnownFileType = sourcecode.swift; path = HRGlanceWidgetKind.swift; sourceTree = "<group>"; };
		A1B2C3D4E5F6000000000114 /* HRGlanceHeartRateAssessment.swift */ = {isa = PBXFileReference; lastKnownFileType = sourcecode.swift; path = HRGlanceHeartRateAssessment.swift; sourceTree = "<group>"; };
		A1B2C3D4E5F6000000000115 /* HRGlanceSharedState.swift */ = {isa = PBXFileReference; lastKnownFileType = sourcecode.swift; path = HRGlanceSharedState.swift; sourceTree = "<group>"; };
		A1B2C3D4E5F6000000000116 /* HeartRateReminderManager.swift */ = {isa = PBXFileReference; lastKnownFileType = sourcecode.swift; path = HeartRateReminderManager.swift; sourceTree = "<group>"; };
		A1B2C3D4E5F6000000000117 /* PrivacyInfo.xcprivacy */ = {isa = PBXFileReference; lastKnownFileType = text.xml; path = PrivacyInfo.xcprivacy; sourceTree = "<group>"; };
		A1B2C3D4E5F6000000000120 /* README.md */ = {isa = PBXFileReference; lastKnownFileType = net.daringfireball.markdown; path = README.md; sourceTree = "<group>"; };
		A1B2C3D4E5F6000000000121 /* ANT_PLUS_BRIDGE.md */ = {isa = PBXFileReference; lastKnownFileType = net.daringfireball.markdown; path = ANT_PLUS_BRIDGE.md; sourceTree = "<group>"; };
		B2C3D4E5F600000000000030 /* HRGlanceLiveActivityExtension.appex */ = {isa = PBXFileReference; explicitFileType = wrapper.app-extension; includeInIndex = 0; path = HRGlanceLiveActivityExtension.appex; sourceTree = BUILT_PRODUCTS_DIR; };
		B2C3D4E5F600000000000101 /* HRGlanceLiveActivityBundle.swift */ = {isa = PBXFileReference; lastKnownFileType = sourcecode.swift; path = HRGlanceLiveActivityBundle.swift; sourceTree = "<group>"; };
		B2C3D4E5F600000000000102 /* HRGlanceLiveActivity.swift */ = {isa = PBXFileReference; lastKnownFileType = sourcecode.swift; path = HRGlanceLiveActivity.swift; sourceTree = "<group>"; };
		B2C3D4E5F600000000000103 /* HRGlanceLauncherWidget.swift */ = {isa = PBXFileReference; lastKnownFileType = sourcecode.swift; path = HRGlanceLauncherWidget.swift; sourceTree = "<group>"; };
		B2C3D4E5F600000000000111 /* Info.plist */ = {isa = PBXFileReference; lastKnownFileType = text.plist.xml; path = Info.plist; sourceTree = "<group>"; };
		B2C3D4E5F600000000000112 /* HRGlanceLiveActivityExtension.entitlements */ = {isa = PBXFileReference; lastKnownFileType = text.plist.entitlements; path = HRGlanceLiveActivityExtension.entitlements; sourceTree = "<group>"; };
		B2C3D4E5F600000000000113 /* PrivacyInfo.xcprivacy */ = {isa = PBXFileReference; lastKnownFileType = text.xml; path = PrivacyInfo.xcprivacy; sourceTree = "<group>"; };
/* End PBXFileReference section */

/* Begin PBXFrameworksBuildPhase section */
		A1B2C3D4E5F6000000000022 /* Frameworks */ = {
			isa = PBXFrameworksBuildPhase;
			buildActionMask = 2147483647;
			files = (
			);
			runOnlyForDeploymentPostprocessing = 0;
		};
		B2C3D4E5F600000000000022 /* Frameworks */ = {
			isa = PBXFrameworksBuildPhase;
			buildActionMask = 2147483647;
			files = (
			);
			runOnlyForDeploymentPostprocessing = 0;
		};
/* End PBXFrameworksBuildPhase section */

/* Begin PBXGroup section */
		A1B2C3D4E5F6000000000002 = {
			isa = PBXGroup;
			children = (
				A1B2C3D4E5F6000000000004 /* App */,
				A1B2C3D4E5F6000000000005 /* Sources/AirPodsHRBridge */,
				B2C3D4E5F600000000000005 /* Sources/Shared */,
				B2C3D4E5F600000000000006 /* LiveActivityWidget */,
				A1B2C3D4E5F6000000000006 /* Docs */,
				A1B2C3D4E5F6000000000120 /* README.md */,
				A1B2C3D4E5F6000000000003 /* Products */,
			);
			sourceTree = "<group>";
		};
		A1B2C3D4E5F6000000000003 /* Products */ = {
			isa = PBXGroup;
			children = (
				A1B2C3D4E5F6000000000030 /* AirPodsHRBridge.app */,
				B2C3D4E5F600000000000030 /* HRGlanceLiveActivityExtension.appex */,
			);
			name = Products;
			sourceTree = "<group>";
		};
		A1B2C3D4E5F6000000000004 /* App */ = {
			isa = PBXGroup;
			children = (
				A1B2C3D4E5F6000000000110 /* Assets.xcassets */,
				A1B2C3D4E5F6000000000111 /* Info.plist */,
				A1B2C3D4E5F6000000000112 /* AirPodsHRBridge.entitlements */,
				A1B2C3D4E5F6000000000117 /* PrivacyInfo.xcprivacy */,
			);
			path = App;
			sourceTree = "<group>";
		};
		A1B2C3D4E5F6000000000005 /* Sources/AirPodsHRBridge */ = {
			isa = PBXGroup;
			children = (
				A1B2C3D4E5F6000000000101 /* AirPodsHRBridgeApp.swift */,
				A1B2C3D4E5F6000000000102 /* ContentView.swift */,
				A1B2C3D4E5F6000000000103 /* BridgeViewModel.swift */,
				A1B2C3D4E5F6000000000104 /* WorkoutHeartRateManager.swift */,
				A1B2C3D4E5F6000000000105 /* BLEHeartRatePeripheral.swift */,
				A1B2C3D4E5F6000000000107 /* HRGlanceLiveActivityController.swift */,
				A1B2C3D4E5F6000000000116 /* HeartRateReminderManager.swift */,
			);
			path = Sources/AirPodsHRBridge;
			sourceTree = "<group>";
		};
		B2C3D4E5F600000000000005 /* Sources/Shared */ = {
			isa = PBXGroup;
			children = (
				A1B2C3D4E5F6000000000106 /* HRGlanceActivityAttributes.swift */,
				A1B2C3D4E5F6000000000108 /* HRGlanceDeepLink.swift */,
				A1B2C3D4E5F6000000000109 /* HRGlanceIntents.swift */,
				A1B2C3D4E5F6000000000113 /* HRGlanceWidgetKind.swift */,
				A1B2C3D4E5F6000000000114 /* HRGlanceHeartRateAssessment.swift */,
				A1B2C3D4E5F6000000000115 /* HRGlanceSharedState.swift */,
			);
			path = Sources/Shared;
			sourceTree = "<group>";
		};
		B2C3D4E5F600000000000006 /* LiveActivityWidget */ = {
			isa = PBXGroup;
			children = (
				B2C3D4E5F600000000000111 /* Info.plist */,
				B2C3D4E5F600000000000101 /* HRGlanceLiveActivityBundle.swift */,
				B2C3D4E5F600000000000102 /* HRGlanceLiveActivity.swift */,
				B2C3D4E5F600000000000103 /* HRGlanceLauncherWidget.swift */,
				B2C3D4E5F600000000000112 /* HRGlanceLiveActivityExtension.entitlements */,
				B2C3D4E5F600000000000113 /* PrivacyInfo.xcprivacy */,
			);
			path = LiveActivityWidget;
			sourceTree = "<group>";
		};
		A1B2C3D4E5F6000000000006 /* Docs */ = {
			isa = PBXGroup;
			children = (
				A1B2C3D4E5F6000000000121 /* ANT_PLUS_BRIDGE.md */,
			);
			path = Docs;
			sourceTree = "<group>";
		};
/* End PBXGroup section */

/* Begin PBXNativeTarget section */
		A1B2C3D4E5F6000000000010 /* AirPodsHRBridge */ = {
			isa = PBXNativeTarget;
			buildConfigurationList = A1B2C3D4E5F6000000000050 /* Build configuration list for PBXNativeTarget "AirPodsHRBridge" */;
			buildPhases = (
				A1B2C3D4E5F6000000000020 /* Sources */,
				A1B2C3D4E5F6000000000022 /* Frameworks */,
				A1B2C3D4E5F6000000000021 /* Resources */,
				B2C3D4E5F600000000000023 /* Embed Foundation Extensions */,
			);
			buildRules = (
			);
			dependencies = (
				B2C3D4E5F600000000000032 /* PBXTargetDependency */,
			);
			name = AirPodsHRBridge;
			productName = AirPodsHRBridge;
			productReference = A1B2C3D4E5F6000000000030 /* AirPodsHRBridge.app */;
			productType = "com.apple.product-type.application";
		};
		B2C3D4E5F600000000000010 /* HRGlanceLiveActivityExtension */ = {
			isa = PBXNativeTarget;
			buildConfigurationList = B2C3D4E5F600000000000050 /* Build configuration list for PBXNativeTarget "HRGlanceLiveActivityExtension" */;
			buildPhases = (
				B2C3D4E5F600000000000020 /* Sources */,
				B2C3D4E5F600000000000022 /* Frameworks */,
				B2C3D4E5F600000000000021 /* Resources */,
			);
			buildRules = (
			);
			dependencies = (
			);
			name = HRGlanceLiveActivityExtension;
			productName = HRGlanceLiveActivityExtension;
			productReference = B2C3D4E5F600000000000030 /* HRGlanceLiveActivityExtension.appex */;
			productType = "com.apple.product-type.app-extension";
		};
/* End PBXNativeTarget section */

/* Begin PBXProject section */
		A1B2C3D4E5F6000000000001 /* Project object */ = {
			isa = PBXProject;
			attributes = {
				BuildIndependentTargetsInParallel = 1;
				LastSwiftUpdateCheck = 2600;
				LastUpgradeCheck = 2600;
				TargetAttributes = {
					A1B2C3D4E5F6000000000010 = {
						CreatedOnToolsVersion = 26.0;
						SystemCapabilities = {
							com.apple.BackgroundModes = {
								enabled = 1;
							};
							com.apple.HealthKit = {
								enabled = 1;
							};
						};
					};
					B2C3D4E5F600000000000010 = {
						CreatedOnToolsVersion = 26.0;
					};
				};
			};
			buildConfigurationList = A1B2C3D4E5F6000000000040 /* Build configuration list for PBXProject "AirPodsHRBridge" */;
			compatibilityVersion = "Xcode 14.0";
			developmentRegion = en;
			hasScannedForEncodings = 0;
			knownRegions = (
				en,
				Base,
			);
			mainGroup = A1B2C3D4E5F6000000000002;
			productRefGroup = A1B2C3D4E5F6000000000003 /* Products */;
			projectDirPath = "";
			projectRoot = "";
			targets = (
				A1B2C3D4E5F6000000000010 /* AirPodsHRBridge */,
				B2C3D4E5F600000000000010 /* HRGlanceLiveActivityExtension */,
			);
		};
/* End PBXProject section */

/* Begin PBXResourcesBuildPhase section */
		A1B2C3D4E5F6000000000021 /* Resources */ = {
			isa = PBXResourcesBuildPhase;
            buildActionMask = 2147483647;
            files = (
				A1B2C3D4E5F6000000000198 /* Assets.xcassets in Resources */,
				A1B2C3D4E5F6000000000199 /* PrivacyInfo.xcprivacy in Resources */,
            );
            runOnlyForDeploymentPostprocessing = 0;
        };
		B2C3D4E5F600000000000021 /* Resources */ = {
			isa = PBXResourcesBuildPhase;
			buildActionMask = 2147483647;
			files = (
				B2C3D4E5F600000000000211 /* PrivacyInfo.xcprivacy in Resources */,
			);
			runOnlyForDeploymentPostprocessing = 0;
		};
/* End PBXResourcesBuildPhase section */

/* Begin PBXSourcesBuildPhase section */
		A1B2C3D4E5F6000000000020 /* Sources */ = {
			isa = PBXSourcesBuildPhase;
			buildActionMask = 2147483647;
			files = (
				A1B2C3D4E5F6000000000201 /* AirPodsHRBridgeApp.swift in Sources */,
				A1B2C3D4E5F6000000000202 /* ContentView.swift in Sources */,
				A1B2C3D4E5F6000000000203 /* BridgeViewModel.swift in Sources */,
				A1B2C3D4E5F6000000000204 /* WorkoutHeartRateManager.swift in Sources */,
				A1B2C3D4E5F6000000000205 /* BLEHeartRatePeripheral.swift in Sources */,
				A1B2C3D4E5F6000000000206 /* HRGlanceActivityAttributes.swift in Sources */,
				A1B2C3D4E5F6000000000207 /* HRGlanceLiveActivityController.swift in Sources */,
				A1B2C3D4E5F6000000000208 /* HRGlanceDeepLink.swift in Sources */,
				A1B2C3D4E5F6000000000209 /* HRGlanceIntents.swift in Sources */,
				A1B2C3D4E5F6000000000210 /* HRGlanceWidgetKind.swift in Sources */,
				A1B2C3D4E5F6000000000211 /* HRGlanceHeartRateAssessment.swift in Sources */,
				A1B2C3D4E5F6000000000212 /* HRGlanceSharedState.swift in Sources */,
				A1B2C3D4E5F6000000000213 /* HeartRateReminderManager.swift in Sources */,
			);
			runOnlyForDeploymentPostprocessing = 0;
		};
		B2C3D4E5F600000000000020 /* Sources */ = {
			isa = PBXSourcesBuildPhase;
			buildActionMask = 2147483647;
			files = (
				B2C3D4E5F600000000000201 /* HRGlanceLiveActivityBundle.swift in Sources */,
				B2C3D4E5F600000000000202 /* HRGlanceLiveActivity.swift in Sources */,
				B2C3D4E5F600000000000203 /* HRGlanceActivityAttributes.swift in Sources */,
				B2C3D4E5F600000000000205 /* HRGlanceLauncherWidget.swift in Sources */,
				B2C3D4E5F600000000000206 /* HRGlanceDeepLink.swift in Sources */,
				B2C3D4E5F600000000000207 /* HRGlanceIntents.swift in Sources */,
				B2C3D4E5F600000000000208 /* HRGlanceWidgetKind.swift in Sources */,
				B2C3D4E5F600000000000209 /* HRGlanceHeartRateAssessment.swift in Sources */,
				B2C3D4E5F600000000000210 /* HRGlanceSharedState.swift in Sources */,
			);
			runOnlyForDeploymentPostprocessing = 0;
		};
/* End PBXSourcesBuildPhase section */

/* Begin PBXTargetDependency section */
		B2C3D4E5F600000000000032 /* PBXTargetDependency */ = {
			isa = PBXTargetDependency;
			target = B2C3D4E5F600000000000010 /* HRGlanceLiveActivityExtension */;
			targetProxy = B2C3D4E5F600000000000031 /* PBXContainerItemProxy */;
		};
/* End PBXTargetDependency section */

/* Begin XCBuildConfiguration section */
		A1B2C3D4E5F6000000000041 /* Debug */ = {
			isa = XCBuildConfiguration;
			buildSettings = {
				ALWAYS_SEARCH_USER_PATHS = NO;
				CLANG_ANALYZER_NONNULL = YES;
				CLANG_ANALYZER_NUMBER_OBJECT_CONVERSION = YES_AGGRESSIVE;
				CLANG_CXX_LANGUAGE_STANDARD = "gnu++20";
				CLANG_ENABLE_MODULES = YES;
				CLANG_ENABLE_OBJC_ARC = YES;
				CLANG_ENABLE_OBJC_WEAK = YES;
				CLANG_WARN_BLOCK_CAPTURE_AUTORELEASING = YES;
				CLANG_WARN_BOOL_CONVERSION = YES;
				CLANG_WARN_COMMA = YES;
				CLANG_WARN_CONSTANT_CONVERSION = YES;
				CLANG_WARN_DEPRECATED_OBJC_IMPLEMENTATIONS = YES;
				CLANG_WARN_DIRECT_OBJC_ISA_USAGE = YES_ERROR;
				CLANG_WARN_DOCUMENTATION_COMMENTS = YES;
				CLANG_WARN_EMPTY_BODY = YES;
				CLANG_WARN_ENUM_CONVERSION = YES;
				CLANG_WARN_INFINITE_RECURSION = YES;
				CLANG_WARN_INT_CONVERSION = YES;
				CLANG_WARN_NON_LITERAL_NULL_CONVERSION = YES;
				CLANG_WARN_OBJC_IMPLICIT_RETAIN_SELF = YES;
				CLANG_WARN_OBJC_LITERAL_CONVERSION = YES;
				CLANG_WARN_OBJC_ROOT_CLASS = YES_ERROR;
				CLANG_WARN_QUOTED_INCLUDE_IN_FRAMEWORK_HEADER = YES;
				CLANG_WARN_RANGE_LOOP_ANALYSIS = YES;
				CLANG_WARN_STRICT_PROTOTYPES = YES;
				CLANG_WARN_SUSPICIOUS_MOVE = YES;
				CLANG_WARN_UNGUARDED_AVAILABILITY = YES_AGGRESSIVE;
				CLANG_WARN_UNREACHABLE_CODE = YES;
				CLANG_WARN__DUPLICATE_METHOD_MATCH = YES;
				COPY_PHASE_STRIP = NO;
				DEBUG_INFORMATION_FORMAT = dwarf;
				ENABLE_STRICT_OBJC_MSGSEND = YES;
				ENABLE_TESTABILITY = YES;
				GCC_C_LANGUAGE_STANDARD = gnu17;
				GCC_DYNAMIC_NO_PIC = NO;
				GCC_NO_COMMON_BLOCKS = YES;
				GCC_OPTIMIZATION_LEVEL = 0;
				GCC_PREPROCESSOR_DEFINITIONS = (
					"DEBUG=1",
					"$(inherited)",
				);
				GCC_WARN_64_TO_32_BIT_CONVERSION = YES;
				GCC_WARN_ABOUT_RETURN_TYPE = YES_ERROR;
				GCC_WARN_UNDECLARED_SELECTOR = YES;
				GCC_WARN_UNINITIALIZED_AUTOS = YES_AGGRESSIVE;
				GCC_WARN_UNUSED_FUNCTION = YES;
				GCC_WARN_UNUSED_VARIABLE = YES;
				IPHONEOS_DEPLOYMENT_TARGET = 26.0;
				MTL_ENABLE_DEBUG_INFO = INCLUDE_SOURCE;
				MTL_FAST_MATH = YES;
				ONLY_ACTIVE_ARCH = YES;
				SDKROOT = iphoneos;
				SWIFT_ACTIVE_COMPILATION_CONDITIONS = DEBUG;
				SWIFT_OPTIMIZATION_LEVEL = "-Onone";
			};
			name = Debug;
		};
		A1B2C3D4E5F6000000000042 /* Release */ = {
			isa = XCBuildConfiguration;
			buildSettings = {
				ALWAYS_SEARCH_USER_PATHS = NO;
				CLANG_ANALYZER_NONNULL = YES;
				CLANG_ANALYZER_NUMBER_OBJECT_CONVERSION = YES_AGGRESSIVE;
				CLANG_CXX_LANGUAGE_STANDARD = "gnu++20";
				CLANG_ENABLE_MODULES = YES;
				CLANG_ENABLE_OBJC_ARC = YES;
				CLANG_ENABLE_OBJC_WEAK = YES;
				CLANG_WARN_BLOCK_CAPTURE_AUTORELEASING = YES;
				CLANG_WARN_BOOL_CONVERSION = YES;
				CLANG_WARN_COMMA = YES;
				CLANG_WARN_CONSTANT_CONVERSION = YES;
				CLANG_WARN_DEPRECATED_OBJC_IMPLEMENTATIONS = YES;
				CLANG_WARN_DIRECT_OBJC_ISA_USAGE = YES_ERROR;
				CLANG_WARN_DOCUMENTATION_COMMENTS = YES;
				CLANG_WARN_EMPTY_BODY = YES;
				CLANG_WARN_ENUM_CONVERSION = YES;
				CLANG_WARN_INFINITE_RECURSION = YES;
				CLANG_WARN_INT_CONVERSION = YES;
				CLANG_WARN_NON_LITERAL_NULL_CONVERSION = YES;
				CLANG_WARN_OBJC_IMPLICIT_RETAIN_SELF = YES;
				CLANG_WARN_OBJC_LITERAL_CONVERSION = YES;
				CLANG_WARN_OBJC_ROOT_CLASS = YES_ERROR;
				CLANG_WARN_QUOTED_INCLUDE_IN_FRAMEWORK_HEADER = YES;
				CLANG_WARN_RANGE_LOOP_ANALYSIS = YES;
				CLANG_WARN_STRICT_PROTOTYPES = YES;
				CLANG_WARN_SUSPICIOUS_MOVE = YES;
				CLANG_WARN_UNGUARDED_AVAILABILITY = YES_AGGRESSIVE;
				CLANG_WARN_UNREACHABLE_CODE = YES;
				CLANG_WARN__DUPLICATE_METHOD_MATCH = YES;
				COPY_PHASE_STRIP = NO;
				DEBUG_INFORMATION_FORMAT = "dwarf-with-dsym";
				ENABLE_NS_ASSERTIONS = NO;
				ENABLE_STRICT_OBJC_MSGSEND = YES;
				GCC_C_LANGUAGE_STANDARD = gnu17;
				GCC_NO_COMMON_BLOCKS = YES;
				GCC_WARN_64_TO_32_BIT_CONVERSION = YES;
				GCC_WARN_ABOUT_RETURN_TYPE = YES_ERROR;
				GCC_WARN_UNDECLARED_SELECTOR = YES;
				GCC_WARN_UNINITIALIZED_AUTOS = YES_AGGRESSIVE;
				GCC_WARN_UNUSED_FUNCTION = YES;
				GCC_WARN_UNUSED_VARIABLE = YES;
				IPHONEOS_DEPLOYMENT_TARGET = 26.0;
				MTL_ENABLE_DEBUG_INFO = NO;
				MTL_FAST_MATH = YES;
				SDKROOT = iphoneos;
				SWIFT_COMPILATION_MODE = wholemodule;
				SWIFT_OPTIMIZATION_LEVEL = "-O";
				VALIDATE_PRODUCT = YES;
			};
			name = Release;
		};
		A1B2C3D4E5F6000000000051 /* Debug */ = {
			isa = XCBuildConfiguration;
			buildSettings = {
				ASSETCATALOG_COMPILER_APPICON_NAME = AppIcon;
				ASSETCATALOG_COMPILER_GLOBAL_ACCENT_COLOR_NAME = AccentColor;
                CODE_SIGN_ENTITLEMENTS = App/AirPodsHRBridge.entitlements;
				CODE_SIGN_STYLE = Automatic;
				CURRENT_PROJECT_VERSION = 1;
				DEVELOPMENT_ASSET_PATHS = "";
				DEVELOPMENT_LANGUAGE = en;
				ENABLE_PREVIEWS = YES;
				GENERATE_INFOPLIST_FILE = NO;
				INFOPLIST_FILE = App/Info.plist;
				INFOPLIST_KEY_UIApplicationSupportsIndirectInputEvents = YES;
				IPHONEOS_DEPLOYMENT_TARGET = 26.0;
				LD_RUNPATH_SEARCH_PATHS = (
					"$(inherited)",
					"@executable_path/Frameworks",
				);
				MARKETING_VERSION = 1.0;
				PRODUCT_BUNDLE_IDENTIFIER = com.example.AirPodsHRBridge;
				PRODUCT_NAME = "$(TARGET_NAME)";
				SUPPORTED_PLATFORMS = "iphoneos iphonesimulator";
				SUPPORTS_MACCATALYST = NO;
				SUPPORTS_MAC_DESIGNED_FOR_IPHONE_IPAD = NO;
				SWIFT_EMIT_LOC_STRINGS = YES;
				SWIFT_VERSION = 5.0;
				TARGETED_DEVICE_FAMILY = 1;
			};
			name = Debug;
		};
		A1B2C3D4E5F6000000000052 /* Release */ = {
			isa = XCBuildConfiguration;
			buildSettings = {
				ASSETCATALOG_COMPILER_APPICON_NAME = AppIcon;
				ASSETCATALOG_COMPILER_GLOBAL_ACCENT_COLOR_NAME = AccentColor;
                CODE_SIGN_ENTITLEMENTS = App/AirPodsHRBridge.entitlements;
				CODE_SIGN_STYLE = Automatic;
				CURRENT_PROJECT_VERSION = 1;
				DEVELOPMENT_ASSET_PATHS = "";
				DEVELOPMENT_LANGUAGE = en;
				GENERATE_INFOPLIST_FILE = NO;
				INFOPLIST_FILE = App/Info.plist;
				INFOPLIST_KEY_UIApplicationSupportsIndirectInputEvents = YES;
				IPHONEOS_DEPLOYMENT_TARGET = 26.0;
				LD_RUNPATH_SEARCH_PATHS = (
					"$(inherited)",
					"@executable_path/Frameworks",
				);
				MARKETING_VERSION = 1.0;
				PRODUCT_BUNDLE_IDENTIFIER = com.example.AirPodsHRBridge;
				PRODUCT_NAME = "$(TARGET_NAME)";
				SUPPORTED_PLATFORMS = "iphoneos iphonesimulator";
				SUPPORTS_MACCATALYST = NO;
				SUPPORTS_MAC_DESIGNED_FOR_IPHONE_IPAD = NO;
				SWIFT_EMIT_LOC_STRINGS = YES;
				SWIFT_VERSION = 5.0;
				TARGETED_DEVICE_FAMILY = 1;
			};
			name = Release;
		};
		B2C3D4E5F600000000000051 /* Debug */ = {
			isa = XCBuildConfiguration;
			buildSettings = {
				APPLICATION_EXTENSION_API_ONLY = YES;
				CODE_SIGN_ENTITLEMENTS = LiveActivityWidget/HRGlanceLiveActivityExtension.entitlements;
				CODE_SIGN_STYLE = Automatic;
				CURRENT_PROJECT_VERSION = 1;
				DEVELOPMENT_LANGUAGE = en;
				GENERATE_INFOPLIST_FILE = NO;
				INFOPLIST_FILE = LiveActivityWidget/Info.plist;
				IPHONEOS_DEPLOYMENT_TARGET = 26.0;
				LD_RUNPATH_SEARCH_PATHS = (
					"$(inherited)",
					"@executable_path/Frameworks",
					"@executable_path/../../Frameworks",
				);
				MARKETING_VERSION = 1.0;
				PRODUCT_BUNDLE_IDENTIFIER = com.example.AirPodsHRBridge.HRGlanceLiveActivity;
				PRODUCT_NAME = "$(TARGET_NAME)";
				SKIP_INSTALL = YES;
				SUPPORTED_PLATFORMS = "iphoneos iphonesimulator";
				SUPPORTS_MACCATALYST = NO;
				SUPPORTS_MAC_DESIGNED_FOR_IPHONE_IPAD = NO;
				SWIFT_ACTIVE_COMPILATION_CONDITIONS = "APP_EXTENSION DEBUG";
				SWIFT_EMIT_LOC_STRINGS = YES;
				SWIFT_VERSION = 5.0;
				TARGETED_DEVICE_FAMILY = 1;
				WRAPPER_EXTENSION = appex;
			};
			name = Debug;
		};
		B2C3D4E5F600000000000052 /* Release */ = {
			isa = XCBuildConfiguration;
			buildSettings = {
				APPLICATION_EXTENSION_API_ONLY = YES;
				CODE_SIGN_ENTITLEMENTS = LiveActivityWidget/HRGlanceLiveActivityExtension.entitlements;
				CODE_SIGN_STYLE = Automatic;
				CURRENT_PROJECT_VERSION = 1;
				DEVELOPMENT_LANGUAGE = en;
				GENERATE_INFOPLIST_FILE = NO;
				INFOPLIST_FILE = LiveActivityWidget/Info.plist;
				IPHONEOS_DEPLOYMENT_TARGET = 26.0;
				LD_RUNPATH_SEARCH_PATHS = (
					"$(inherited)",
					"@executable_path/Frameworks",
					"@executable_path/../../Frameworks",
				);
				MARKETING_VERSION = 1.0;
				PRODUCT_BUNDLE_IDENTIFIER = com.example.AirPodsHRBridge.HRGlanceLiveActivity;
				PRODUCT_NAME = "$(TARGET_NAME)";
				SKIP_INSTALL = YES;
				SUPPORTED_PLATFORMS = "iphoneos iphonesimulator";
				SUPPORTS_MACCATALYST = NO;
				SUPPORTS_MAC_DESIGNED_FOR_IPHONE_IPAD = NO;
				SWIFT_ACTIVE_COMPILATION_CONDITIONS = APP_EXTENSION;
				SWIFT_EMIT_LOC_STRINGS = YES;
				SWIFT_VERSION = 5.0;
				TARGETED_DEVICE_FAMILY = 1;
				WRAPPER_EXTENSION = appex;
			};
			name = Release;
		};
/* End XCBuildConfiguration section */

/* Begin XCConfigurationList section */
		A1B2C3D4E5F6000000000040 /* Build configuration list for PBXProject "AirPodsHRBridge" */ = {
			isa = XCConfigurationList;
			buildConfigurations = (
				A1B2C3D4E5F6000000000041 /* Debug */,
				A1B2C3D4E5F6000000000042 /* Release */,
			);
			defaultConfigurationIsVisible = 0;
			defaultConfigurationName = Release;
		};
		A1B2C3D4E5F6000000000050 /* Build configuration list for PBXNativeTarget "AirPodsHRBridge" */ = {
			isa = XCConfigurationList;
			buildConfigurations = (
				A1B2C3D4E5F6000000000051 /* Debug */,
				A1B2C3D4E5F6000000000052 /* Release */,
			);
			defaultConfigurationIsVisible = 0;
			defaultConfigurationName = Release;
		};
		B2C3D4E5F600000000000050 /* Build configuration list for PBXNativeTarget "HRGlanceLiveActivityExtension" */ = {
			isa = XCConfigurationList;
			buildConfigurations = (
				B2C3D4E5F600000000000051 /* Debug */,
				B2C3D4E5F600000000000052 /* Release */,
			);
			defaultConfigurationIsVisible = 0;
			defaultConfigurationName = Release;
		};
/* End XCConfigurationList section */
	};
	rootObject = A1B2C3D4E5F6000000000001 /* Project object */;
}
